
Microsoft Visual Studio Solution File, Format Version 12.00
# Visual Studio Version 17
VisualStudioVersion = 17.5.33502.453
MinimumVisualStudioVersion = 10.0.40219.1
Project("{FAE04EC0-301F-11D3-BF4B-00C04F79EFBC}") = "Basketball_Mission12", "Basketball_Mission12.csproj", "{AAE971F4-BCD9-42F6-8B75-B935337107DB}"
EndProject
Global
	GlobalSection(SolutionConfigurationPlatforms) = preSolution
		Debug|Any CPU = Debug|Any CPU
		Release|Any CPU = Release|Any CPU
	EndGlobalSection
	GlobalSection(ProjectConfigurationPlatforms) = postSolution
		{AAE971F4-BCD9-42F6-8B75-B935337107DB}.Debug|Any CPU.ActiveCfg = Debug|Any CPU
		{AAE971F4-BCD9-42F6-8B75-B935337107DB}.Debug|Any CPU.Build.0 = Debug|Any CPU
		{AAE971F4-BCD9-42F6-8B75-B935337107DB}.Release|Any CPU.ActiveCfg = Release|Any CPU
		{AAE971F4-BCD9-42F6-8B75-B935337107DB}.Release|Any CPU.Build.0 = Release|Any CPU
	EndGlobalSection
	GlobalSection(SolutionProperties) = preSolution
		HideSolutionNode = FALSE
	EndGlobalSection
	GlobalSection(ExtensibilityGlobals) = postSolution
		SolutionGuid = {929AA911-41EB-4AC2-8CBE-A84F6159D73A}
	EndGlobalSection
EndGlobal
